
Microsoft Visual Studio Solution File, Format Version 12.00
# Visual Studio Version 17
VisualStudioVersion = 17.8.34330.188
MinimumVisualStudioVersion = 10.0.40219.1
Project("{9A19103F-16F7-4668-BE54-9A1E7A4F7556}") = "Caloracker1", "Caloracker1.csproj", "{3381BFB0-986B-4934-9CDB-7C67B077F95C}"
EndProject
Global
	GlobalSection(SolutionConfigurationPlatforms) = preSolution
		Debug|Any CPU = Debug|Any CPU
		Release|Any CPU = Release|Any CPU
	EndGlobalSection
	GlobalSection(ProjectConfigurationPlatforms) = postSolution
		{3381BFB0-986B-4934-9CDB-7C67B077F95C}.Debug|Any CPU.ActiveCfg = Debug|Any CPU
		{3381BFB0-986B-4934-9CDB-7C67B077F95C}.Debug|Any CPU.Build.0 = Debug|Any CPU
		{3381BFB0-986B-4934-9CDB-7C67B077F95C}.Release|Any CPU.ActiveCfg = Release|Any CPU
		{3381BFB0-986B-4934-9CDB-7C67B077F95C}.Release|Any CPU.Build.0 = Release|Any CPU
	EndGlobalSection
	GlobalSection(SolutionProperties) = preSolution
		HideSolutionNode = FALSE
	EndGlobalSection
	GlobalSection(ExtensibilityGlobals) = postSolution
		SolutionGuid = {DDF8A45E-2E31-4891-A376-2E86EE7FBEAD}
	EndGlobalSection
EndGlobal
